# THIS IS AN AUTOGENERATED FILE. DO NOT EDIT THIS FILE DIRECTLY.
# yarn lockfile v1


marked@^4.0.9:
  version "4.0.9"
  resolved "https://registry.yarnpkg.com/marked/-/marked-4.0.9.tgz#96862d67bd31b4770917f01c93e1d9b3cc73ed96"
  integrity sha512-HmoFvQwFLxNESeGupeOC+6CLb5WzcCWQmqvVetsErmrI3vrZ6gBumty5IP0ynLPR0zYSoVY7ITC1GffsYIGkog==
